PODS:
  - AFNetworking/Reachability (3.2.1)
  - AFNetworking/Security (3.2.1)
  - MBKCoreAudioPlayer (0.1.0):
    - AFNetworking/Reachability

DEPENDENCIES:
  - AFNetworking/Security
  - MBKCoreAudioPlayer (from `/Users/lea/byte/test/MBKCoreAudioPlayer`)

SPEC REPOS:
  https://github.com/cocoapods/specs.git:
    - AFNetworking

EXTERNAL SOURCES:
  MBKCoreAudioPlayer:
    :git: "/Users/lea/byte/test/MBKCoreAudioPlayer"

CHECKOUT OPTIONS:
  MBKCoreAudioPlayer:
    :commit: 4da6aba01ea48f8ef6c4d45da1eb97ad9ae82205
    :git: "/Users/lea/byte/test/MBKCoreAudioPlayer"

SPEC CHECKSUMS:
  AFNetworking: b6f891fdfaed196b46c7a83cf209e09697b94057
  MBKCoreAudioPlayer: 996c4ecc9d146598001e0cf9d98fabb6a338888a

PODFILE CHECKSUM: 2cca0929b163692b302f27e4242a12f0c54cd3b6

COCOAPODS: 1.6.1
